PODS:
  - Alamofire (5.6.4)
  - netfox (1.21.0)
  - RxSwift (6.5.0)
  - SwiftMessages (9.0.6):
    - SwiftMessages/App (= 9.0.6)
  - SwiftMessages/App (9.0.6)
  - SwiftyJSON (5.0.1)

DEPENDENCIES:
  - Alamofire
  - netfox
  - RxSwift
  - SwiftMessages
  - SwiftyJSON

SPEC REPOS:
  trunk:
    - Alamofire
    - netfox
    - RxSwift
    - SwiftMessages
    - SwiftyJSON

SPEC CHECKSUMS:
  Alamofire: 4e95d97098eacb88856099c4fc79b526a299e48c
  netfox: 9d5cc727fe7576c4c7688a2504618a156b7d44b7
  RxSwift: 5710a9e6b17f3c3d6e40d6e559b9fa1e813b2ef8
  SwiftMessages: f0c7ef4705a570ad6c5e208b611f4333e660ed92
  SwiftyJSON: 2f33a42c6fbc52764d96f13368585094bfd8aa5e

PODFILE CHECKSUM: d9ad3ffb38fb61eff19bcac01c2bb82344369a92

COCOAPODS: 1.12.1
