// !$*UTF8*$!
{
	archiveVersion = 1;
	classes = {
	};
	objectVersion = 56;
	objects = {

/* Begin PBXBuildFile section */
		5EC79D28145E4998C360635A /* Pods_RepairShop.framework in Frameworks */ = {isa = PBXBuildFile; fileRef = BCC175206369F2749D566F97 /* Pods_RepairShop.framework */; };
		E5A47BE229F6CDA5004C5294 /* AppDelegate.swift in Sources */ = {isa = PBXBuildFile; fileRef = E5A47BE129F6CDA5004C5294 /* AppDelegate.swift */; };
		E5A47BE629F6CDA5004C5294 /* HomeController.swift in Sources */ = {isa = PBXBuildFile; fileRef = E5A47BE529F6CDA5004C5294 /* HomeController.swift */; };
		E5A47BE929F6CDA5004C5294 /* Main.storyboard in Resources */ = {isa = PBXBuildFile; fileRef = E5A47BE729F6CDA5004C5294 /* Main.storyboard */; };
		E5A47BEB29F6CDA6004C5294 /* Assets.xcassets in Resources */ = {isa = PBXBuildFile; fileRef = E5A47BEA29F6CDA6004C5294 /* Assets.xcassets */; };
		E5A47BEE29F6CDA6004C5294 /* LaunchScreen.storyboard in Resources */ = {isa = PBXBuildFile; fileRef = E5A47BEC29F6CDA6004C5294 /* LaunchScreen.storyboard */; };
		E5ECF6FA2A0665980065A541 /* BaseController.swift in Sources */ = {isa = PBXBuildFile; fileRef = E5ECF6F92A0665980065A541 /* BaseController.swift */; };
		E5ECF6FC2A0666EB0065A541 /* HomeViewModel.swift in Sources */ = {isa = PBXBuildFile; fileRef = E5ECF6FB2A0666EB0065A541 /* HomeViewModel.swift */; };
		E5ECF6FE2A06674F0065A541 /* Variable.swift in Sources */ = {isa = PBXBuildFile; fileRef = E5ECF6FD2A06674F0065A541 /* Variable.swift */; };
		E5ECF7002A0668AB0065A541 /* BaseViewModel.swift in Sources */ = {isa = PBXBuildFile; fileRef = E5ECF6FF2A0668AB0065A541 /* BaseViewModel.swift */; };
		E5ECF7022A0669530065A541 /* BaseAPI.swift in Sources */ = {isa = PBXBuildFile; fileRef = E5ECF7012A0669530065A541 /* BaseAPI.swift */; };
		E5ECF7052A0674750065A541 /* UserAPI.swift in Sources */ = {isa = PBXBuildFile; fileRef = E5ECF7042A0674750065A541 /* UserAPI.swift */; };
		E5ECF7082A06750B0065A541 /* User.swift in Sources */ = {isa = PBXBuildFile; fileRef = E5ECF7072A06750B0065A541 /* User.swift */; };
		E5ECF70B2A06765C0065A541 /* UserService.swift in Sources */ = {isa = PBXBuildFile; fileRef = E5ECF70A2A06765C0065A541 /* UserService.swift */; };
		E5ECF70D2A0676640065A541 /* BaseService.swift in Sources */ = {isa = PBXBuildFile; fileRef = E5ECF70C2A0676640065A541 /* BaseService.swift */; };
		E5ECF70F2A0683200065A541 /* Storage.swift in Sources */ = {isa = PBXBuildFile; fileRef = E5ECF70E2A0683200065A541 /* Storage.swift */; };
		E5ECF7112A0684790065A541 /* Instantiation.swift in Sources */ = {isa = PBXBuildFile; fileRef = E5ECF7102A0684790065A541 /* Instantiation.swift */; };
		E5ECF7152A06EF0A0065A541 /* LoginController.swift in Sources */ = {isa = PBXBuildFile; fileRef = E5ECF7142A06EF0A0065A541 /* LoginController.swift */; };
		E5ECF7172A06EFAF0065A541 /* LoginViewModel.swift in Sources */ = {isa = PBXBuildFile; fileRef = E5ECF7162A06EFAF0065A541 /* LoginViewModel.swift */; };
		E5ECF7192A06F0CC0065A541 /* SignUpController.swift in Sources */ = {isa = PBXBuildFile; fileRef = E5ECF7182A06F0CC0065A541 /* SignUpController.swift */; };
		E5ECF71B2A06FBF70065A541 /* SignUpViewModel.swift in Sources */ = {isa = PBXBuildFile; fileRef = E5ECF71A2A06FBF70065A541 /* SignUpViewModel.swift */; };
		E5ECF71F2A07CE510065A541 /* UserScreens.storyboard in Resources */ = {isa = PBXBuildFile; fileRef = E5ECF71E2A07CE510065A541 /* UserScreens.storyboard */; };
		E5ECF7212A07CE640065A541 /* UserMainMenu.swift in Sources */ = {isa = PBXBuildFile; fileRef = E5ECF7202A07CE640065A541 /* UserMainMenu.swift */; };
		E5ECF7232A07CEA70065A541 /* VehiclesService.swift in Sources */ = {isa = PBXBuildFile; fileRef = E5ECF7222A07CEA70065A541 /* VehiclesService.swift */; };
		E5ECF7252A07CECA0065A541 /* VehiclesAPI.swift in Sources */ = {isa = PBXBuildFile; fileRef = E5ECF7242A07CECA0065A541 /* VehiclesAPI.swift */; };
		E5ECF7272A07CF0C0065A541 /* Vehicle.swift in Sources */ = {isa = PBXBuildFile; fileRef = E5ECF7262A07CF0C0065A541 /* Vehicle.swift */; };
		E5ECF72A2A07D27A0065A541 /* MyVehiclesController.swift in Sources */ = {isa = PBXBuildFile; fileRef = E5ECF7292A07D27A0065A541 /* MyVehiclesController.swift */; };
		E5ECF72C2A07D4580065A541 /* MyVehiclesViewModel.swift in Sources */ = {isa = PBXBuildFile; fileRef = E5ECF72B2A07D4580065A541 /* MyVehiclesViewModel.swift */; };
/* End PBXBuildFile section */

/* Begin PBXFileReference section */
		BCC175206369F2749D566F97 /* Pods_RepairShop.framework */ = {isa = PBXFileReference; explicitFileType = wrapper.framework; includeInIndex = 0; path = Pods_RepairShop.framework; sourceTree = BUILT_PRODUCTS_DIR; };
		C2F1C8EB32F97040515A0B08 /* Pods-RepairShop.debug.xcconfig */ = {isa = PBXFileReference; includeInIndex = 1; lastKnownFileType = text.xcconfig; name = "Pods-RepairShop.debug.xcconfig"; path = "Target Support Files/Pods-RepairShop/Pods-RepairShop.debug.xcconfig"; sourceTree = "<group>"; };
		E5A47BDE29F6CDA5004C5294 /* RepairShop.app */ = {isa = PBXFileReference; explicitFileType = wrapper.application; includeInIndex = 0; path = RepairShop.app; sourceTree = BUILT_PRODUCTS_DIR; };
		E5A47BE129F6CDA5004C5294 /* AppDelegate.swift */ = {isa = PBXFileReference; lastKnownFileType = sourcecode.swift; path = AppDelegate.swift; sourceTree = "<group>"; };
		E5A47BE529F6CDA5004C5294 /* HomeController.swift */ = {isa = PBXFileReference; lastKnownFileType = sourcecode.swift; path = HomeController.swift; sourceTree = "<group>"; };
		E5A47BE829F6CDA5004C5294 /* Base */ = {isa = PBXFileReference; lastKnownFileType = file.storyboard; name = Base; path = Base.lproj/Main.storyboard; sourceTree = "<group>"; };
		E5A47BEA29F6CDA6004C5294 /* Assets.xcassets */ = {isa = PBXFileReference; lastKnownFileType = folder.assetcatalog; path = Assets.xcassets; sourceTree = "<group>"; };
		E5A47BED29F6CDA6004C5294 /* Base */ = {isa = PBXFileReference; lastKnownFileType = file.storyboard; name = Base; path = Base.lproj/LaunchScreen.storyboard; sourceTree = "<group>"; };
		E5A47BEF29F6CDA6004C5294 /* Info.plist */ = {isa = PBXFileReference; lastKnownFileType = text.plist.xml; path = Info.plist; sourceTree = "<group>"; };
		E5ECF6F92A0665980065A541 /* BaseController.swift */ = {isa = PBXFileReference; lastKnownFileType = sourcecode.swift; path = BaseController.swift; sourceTree = "<group>"; };
		E5ECF6FB2A0666EB0065A541 /* HomeViewModel.swift */ = {isa = PBXFileReference; lastKnownFileType = sourcecode.swift; path = HomeViewModel.swift; sourceTree = "<group>"; };
		E5ECF6FD2A06674F0065A541 /* Variable.swift */ = {isa = PBXFileReference; lastKnownFileType = sourcecode.swift; path = Variable.swift; sourceTree = "<group>"; };
		E5ECF6FF2A0668AB0065A541 /* BaseViewModel.swift */ = {isa = PBXFileReference; lastKnownFileType = sourcecode.swift; path = BaseViewModel.swift; sourceTree = "<group>"; };
		E5ECF7012A0669530065A541 /* BaseAPI.swift */ = {isa = PBXFileReference; lastKnownFileType = sourcecode.swift; path = BaseAPI.swift; sourceTree = "<group>"; };
		E5ECF7042A0674750065A541 /* UserAPI.swift */ = {isa = PBXFileReference; lastKnownFileType = sourcecode.swift; path = UserAPI.swift; sourceTree = "<group>"; };
		E5ECF7072A06750B0065A541 /* User.swift */ = {isa = PBXFileReference; lastKnownFileType = sourcecode.swift; path = User.swift; sourceTree = "<group>"; };
		E5ECF70A2A06765C0065A541 /* UserService.swift */ = {isa = PBXFileReference; lastKnownFileType = sourcecode.swift; path = UserService.swift; sourceTree = "<group>"; };
		E5ECF70C2A0676640065A541 /* BaseService.swift */ = {isa = PBXFileReference; lastKnownFileType = sourcecode.swift; path = BaseService.swift; sourceTree = "<group>"; };
		E5ECF70E2A0683200065A541 /* Storage.swift */ = {isa = PBXFileReference; lastKnownFileType = sourcecode.swift; path = Storage.swift; sourceTree = "<group>"; };
		E5ECF7102A0684790065A541 /* Instantiation.swift */ = {isa = PBXFileReference; lastKnownFileType = sourcecode.swift; path = Instantiation.swift; sourceTree = "<group>"; };
		E5ECF7142A06EF0A0065A541 /* LoginController.swift */ = {isa = PBXFileReference; lastKnownFileType = sourcecode.swift; path = LoginController.swift; sourceTree = "<group>"; };
		E5ECF7162A06EFAF0065A541 /* LoginViewModel.swift */ = {isa = PBXFileReference; lastKnownFileType = sourcecode.swift; path = LoginViewModel.swift; sourceTree = "<group>"; };
		E5ECF7182A06F0CC0065A541 /* SignUpController.swift */ = {isa = PBXFileReference; lastKnownFileType = sourcecode.swift; path = SignUpController.swift; sourceTree = "<group>"; };
		E5ECF71A2A06FBF70065A541 /* SignUpViewModel.swift */ = {isa = PBXFileReference; lastKnownFileType = sourcecode.swift; path = SignUpViewModel.swift; sourceTree = "<group>"; };
		E5ECF71E2A07CE510065A541 /* UserScreens.storyboard */ = {isa = PBXFileReference; lastKnownFileType = file.storyboard; path = UserScreens.storyboard; sourceTree = "<group>"; };
		E5ECF7202A07CE640065A541 /* UserMainMenu.swift */ = {isa = PBXFileReference; lastKnownFileType = sourcecode.swift; path = UserMainMenu.swift; sourceTree = "<group>"; };
		E5ECF7222A07CEA70065A541 /* VehiclesService.swift */ = {isa = PBXFileReference; lastKnownFileType = sourcecode.swift; path = VehiclesService.swift; sourceTree = "<group>"; };
		E5ECF7242A07CECA0065A541 /* VehiclesAPI.swift */ = {isa = PBXFileReference; lastKnownFileType = sourcecode.swift; path = VehiclesAPI.swift; sourceTree = "<group>"; };
		E5ECF7262A07CF0C0065A541 /* Vehicle.swift */ = {isa = PBXFileReference; lastKnownFileType = sourcecode.swift; path = Vehicle.swift; sourceTree = "<group>"; };
		E5ECF7292A07D27A0065A541 /* MyVehiclesController.swift */ = {isa = PBXFileReference; lastKnownFileType = sourcecode.swift; path = MyVehiclesController.swift; sourceTree = "<group>"; };
		E5ECF72B2A07D4580065A541 /* MyVehiclesViewModel.swift */ = {isa = PBXFileReference; lastKnownFileType = sourcecode.swift; path = MyVehiclesViewModel.swift; sourceTree = "<group>"; };
		E6997FFE099D9AF1297D163B /* Pods-RepairShop.release.xcconfig */ = {isa = PBXFileReference; includeInIndex = 1; lastKnownFileType = text.xcconfig; name = "Pods-RepairShop.release.xcconfig"; path = "Target Support Files/Pods-RepairShop/Pods-RepairShop.release.xcconfig"; sourceTree = "<group>"; };
/* End PBXFileReference section */

/* Begin PBXFrameworksBuildPhase section */
		E5A47BDB29F6CDA5004C5294 /* Frameworks */ = {
			isa = PBXFrameworksBuildPhase;
			buildActionMask = 2147483647;
			files = (
				5EC79D28145E4998C360635A /* Pods_RepairShop.framework in Frameworks */,
			);
			runOnlyForDeploymentPostprocessing = 0;
		};
/* End PBXFrameworksBuildPhase section */

/* Begin PBXGroup section */
		4115AB1101F84957D26A5935 /* Pods */ = {
			isa = PBXGroup;
			children = (
				C2F1C8EB32F97040515A0B08 /* Pods-RepairShop.debug.xcconfig */,
				E6997FFE099D9AF1297D163B /* Pods-RepairShop.release.xcconfig */,
			);
			path = Pods;
			sourceTree = "<group>";
		};
		42227A9C61F75D0D4027163B /* Frameworks */ = {
			isa = PBXGroup;
			children = (
				BCC175206369F2749D566F97 /* Pods_RepairShop.framework */,
			);
			name = Frameworks;
			sourceTree = "<group>";
		};
		E5A47BD529F6CDA5004C5294 = {
			isa = PBXGroup;
			children = (
				E5A47BE029F6CDA5004C5294 /* RepairShop */,
				E5A47BDF29F6CDA5004C5294 /* Products */,
				4115AB1101F84957D26A5935 /* Pods */,
				42227A9C61F75D0D4027163B /* Frameworks */,
			);
			sourceTree = "<group>";
		};
		E5A47BDF29F6CDA5004C5294 /* Products */ = {
			isa = PBXGroup;
			children = (
				E5A47BDE29F6CDA5004C5294 /* RepairShop.app */,
			);
			name = Products;
			sourceTree = "<group>";
		};
		E5A47BE029F6CDA5004C5294 /* RepairShop */ = {
			isa = PBXGroup;
			children = (
				E5ECF7122A06ED630065A541 /* UI */,
				E5ECF7092A0676530065A541 /* Services */,
				E5ECF7062A0675010065A541 /* Models */,
				E5ECF7032A0674610065A541 /* API */,
				E5ECF6F82A06658A0065A541 /* Base+Util */,
				E5A47BE129F6CDA5004C5294 /* AppDelegate.swift */,
				E5A47BEA29F6CDA6004C5294 /* Assets.xcassets */,
				E5A47BEF29F6CDA6004C5294 /* Info.plist */,
			);
			path = RepairShop;
			sourceTree = "<group>";
		};
		E5A47BF529F6CED5004C5294 /* Home */ = {
			isa = PBXGroup;
			children = (
				E5A47BE529F6CDA5004C5294 /* HomeController.swift */,
				E5ECF6FB2A0666EB0065A541 /* HomeViewModel.swift */,
			);
			path = Home;
			sourceTree = "<group>";
		};
		E5ECF6F82A06658A0065A541 /* Base+Util */ = {
			isa = PBXGroup;
			children = (
				E5ECF6F92A0665980065A541 /* BaseController.swift */,
				E5ECF6FD2A06674F0065A541 /* Variable.swift */,
				E5ECF6FF2A0668AB0065A541 /* BaseViewModel.swift */,
				E5ECF70C2A0676640065A541 /* BaseService.swift */,
				E5ECF70E2A0683200065A541 /* Storage.swift */,
				E5ECF7102A0684790065A541 /* Instantiation.swift */,
			);
			path = "Base+Util";
			sourceTree = "<group>";
		};
		E5ECF7032A0674610065A541 /* API */ = {
			isa = PBXGroup;
			children = (
				E5ECF7012A0669530065A541 /* BaseAPI.swift */,
				E5ECF7042A0674750065A541 /* UserAPI.swift */,
				E5ECF7242A07CECA0065A541 /* VehiclesAPI.swift */,
			);
			path = API;
			sourceTree = "<group>";
		};
		E5ECF7062A0675010065A541 /* Models */ = {
			isa = PBXGroup;
			children = (
				E5ECF7072A06750B0065A541 /* User.swift */,
				E5ECF7262A07CF0C0065A541 /* Vehicle.swift */,
			);
			path = Models;
			sourceTree = "<group>";
		};
		E5ECF7092A0676530065A541 /* Services */ = {
			isa = PBXGroup;
			children = (
				E5ECF70A2A06765C0065A541 /* UserService.swift */,
				E5ECF7222A07CEA70065A541 /* VehiclesService.swift */,
			);
			path = Services;
			sourceTree = "<group>";
		};
		E5ECF7122A06ED630065A541 /* UI */ = {
			isa = PBXGroup;
			children = (
				E5ECF7282A07D26C0065A541 /* My Vehicles */,
				E5ECF71D2A07CE390065A541 /* Storyboards */,
				E5ECF71C2A07C3100065A541 /* Main Menu */,
				E5ECF7132A06ED710065A541 /* Auth */,
				E5A47BF529F6CED5004C5294 /* Home */,
			);
			path = UI;
			sourceTree = "<group>";
		};
		E5ECF7132A06ED710065A541 /* Auth */ = {
			isa = PBXGroup;
			children = (
				E5ECF7142A06EF0A0065A541 /* LoginController.swift */,
				E5ECF7162A06EFAF0065A541 /* LoginViewModel.swift */,
				E5ECF7182A06F0CC0065A541 /* SignUpController.swift */,
				E5ECF71A2A06FBF70065A541 /* SignUpViewModel.swift */,
			);
			path = Auth;
			sourceTree = "<group>";
		};
		E5ECF71C2A07C3100065A541 /* Main Menu */ = {
			isa = PBXGroup;
			children = (
				E5ECF7202A07CE640065A541 /* UserMainMenu.swift */,
			);
			path = "Main Menu";
			sourceTree = "<group>";
		};
		E5ECF71D2A07CE390065A541 /* Storyboards */ = {
			isa = PBXGroup;
			children = (
				E5A47BE729F6CDA5004C5294 /* Main.storyboard */,
				E5A47BEC29F6CDA6004C5294 /* LaunchScreen.storyboard */,
				E5ECF71E2A07CE510065A541 /* UserScreens.storyboard */,
			);
			path = Storyboards;
			sourceTree = "<group>";
		};
		E5ECF7282A07D26C0065A541 /* My Vehicles */ = {
			isa = PBXGroup;
			children = (
				E5ECF7292A07D27A0065A541 /* MyVehiclesController.swift */,
				E5ECF72B2A07D4580065A541 /* MyVehiclesViewModel.swift */,
			);
			path = "My Vehicles";
			sourceTree = "<group>";
		};
/* End PBXGroup section */

/* Begin PBXNativeTarget section */
		E5A47BDD29F6CDA5004C5294 /* RepairShop */ = {
			isa = PBXNativeTarget;
			buildConfigurationList = E5A47BF229F6CDA6004C5294 /* Build configuration list for PBXNativeTarget "RepairShop" */;
			buildPhases = (
				BE97E33582079A8FB72B7EBB /* [CP] Check Pods Manifest.lock */,
				E5A47BDA29F6CDA5004C5294 /* Sources */,
				E5A47BDB29F6CDA5004C5294 /* Frameworks */,
				E5A47BDC29F6CDA5004C5294 /* Resources */,
				21E25C79B1BA4E076D9B624E /* [CP] Embed Pods Frameworks */,
			);
			buildRules = (
			);
			dependencies = (
			);
			name = RepairShop;
			productName = RepairShop;
			productReference = E5A47BDE29F6CDA5004C5294 /* RepairShop.app */;
			productType = "com.apple.product-type.application";
		};
/* End PBXNativeTarget section */

/* Begin PBXProject section */
		E5A47BD629F6CDA5004C5294 /* Project object */ = {
			isa = PBXProject;
			attributes = {
				BuildIndependentTargetsInParallel = 1;
				LastSwiftUpdateCheck = 1430;
				LastUpgradeCheck = 1430;
				TargetAttributes = {
					E5A47BDD29F6CDA5004C5294 = {
						CreatedOnToolsVersion = 14.3;
					};
				};
			};
			buildConfigurationList = E5A47BD929F6CDA5004C5294 /* Build configuration list for PBXProject "RepairShop" */;
			compatibilityVersion = "Xcode 14.0";
			developmentRegion = en;
			hasScannedForEncodings = 0;
			knownRegions = (
				en,
				Base,
			);
			mainGroup = E5A47BD529F6CDA5004C5294;
			productRefGroup = E5A47BDF29F6CDA5004C5294 /* Products */;
			projectDirPath = "";
			projectRoot = "";
			targets = (
				E5A47BDD29F6CDA5004C5294 /* RepairShop */,
			);
		};
/* End PBXProject section */

/* Begin PBXResourcesBuildPhase section */
		E5A47BDC29F6CDA5004C5294 /* Resources */ = {
			isa = PBXResourcesBuildPhase;
			buildActionMask = 2147483647;
			files = (
				E5A47BEE29F6CDA6004C5294 /* LaunchScreen.storyboard in Resources */,
				E5A47BEB29F6CDA6004C5294 /* Assets.xcassets in Resources */,
				E5A47BE929F6CDA5004C5294 /* Main.storyboard in Resources */,
				E5ECF71F2A07CE510065A541 /* UserScreens.storyboard in Resources */,
			);
			runOnlyForDeploymentPostprocessing = 0;
		};
/* End PBXResourcesBuildPhase section */

/* Begin PBXShellScriptBuildPhase section */
		21E25C79B1BA4E076D9B624E /* [CP] Embed Pods Frameworks */ = {
			isa = PBXShellScriptBuildPhase;
			buildActionMask = 2147483647;
			files = (
			);
			inputFileListPaths = (
				"${PODS_ROOT}/Target Support Files/Pods-RepairShop/Pods-RepairShop-frameworks-${CONFIGURATION}-input-files.xcfilelist",
			);
			name = "[CP] Embed Pods Frameworks";
			outputFileListPaths = (
				"${PODS_ROOT}/Target Support Files/Pods-RepairShop/Pods-RepairShop-frameworks-${CONFIGURATION}-output-files.xcfilelist",
			);
			runOnlyForDeploymentPostprocessing = 0;
			shellPath = /bin/sh;
			shellScript = "\"${PODS_ROOT}/Target Support Files/Pods-RepairShop/Pods-RepairShop-frameworks.sh\"\n";
			showEnvVarsInLog = 0;
		};
		BE97E33582079A8FB72B7EBB /* [CP] Check Pods Manifest.lock */ = {
			isa = PBXShellScriptBuildPhase;
			buildActionMask = 2147483647;
			files = (
			);
			inputFileListPaths = (
			);
			inputPaths = (
				"${PODS_PODFILE_DIR_PATH}/Podfile.lock",
				"${PODS_ROOT}/Manifest.lock",
			);
			name = "[CP] Check Pods Manifest.lock";
			outputFileListPaths = (
			);
			outputPaths = (
				"$(DERIVED_FILE_DIR)/Pods-RepairShop-checkManifestLockResult.txt",
			);
			runOnlyForDeploymentPostprocessing = 0;
			shellPath = /bin/sh;
			shellScript = "diff \"${PODS_PODFILE_DIR_PATH}/Podfile.lock\" \"${PODS_ROOT}/Manifest.lock\" > /dev/null\nif [ $? != 0 ] ; then\n    # print error to STDERR\n    echo \"error: The sandbox is not in sync with the Podfile.lock. Run 'pod install' or update your CocoaPods installation.\" >&2\n    exit 1\nfi\n# This output is used by Xcode 'outputs' to avoid re-running this script phase.\necho \"SUCCESS\" > \"${SCRIPT_OUTPUT_FILE_0}\"\n";
			showEnvVarsInLog = 0;
		};
/* End PBXShellScriptBuildPhase section */

/* Begin PBXSourcesBuildPhase section */
		E5A47BDA29F6CDA5004C5294 /* Sources */ = {
			isa = PBXSourcesBuildPhase;
			buildActionMask = 2147483647;
			files = (
				E5A47BE629F6CDA5004C5294 /* HomeController.swift in Sources */,
				E5ECF71B2A06FBF70065A541 /* SignUpViewModel.swift in Sources */,
				E5ECF7052A0674750065A541 /* UserAPI.swift in Sources */,
				E5ECF6FE2A06674F0065A541 /* Variable.swift in Sources */,
				E5A47BE229F6CDA5004C5294 /* AppDelegate.swift in Sources */,
				E5ECF7252A07CECA0065A541 /* VehiclesAPI.swift in Sources */,
				E5ECF7002A0668AB0065A541 /* BaseViewModel.swift in Sources */,
				E5ECF70F2A0683200065A541 /* Storage.swift in Sources */,
				E5ECF72C2A07D4580065A541 /* MyVehiclesViewModel.swift in Sources */,
				E5ECF7082A06750B0065A541 /* User.swift in Sources */,
				E5ECF70B2A06765C0065A541 /* UserService.swift in Sources */,
				E5ECF7172A06EFAF0065A541 /* LoginViewModel.swift in Sources */,
				E5ECF6FA2A0665980065A541 /* BaseController.swift in Sources */,
				E5ECF7112A0684790065A541 /* Instantiation.swift in Sources */,
				E5ECF7212A07CE640065A541 /* UserMainMenu.swift in Sources */,
				E5ECF7192A06F0CC0065A541 /* SignUpController.swift in Sources */,
				E5ECF7022A0669530065A541 /* BaseAPI.swift in Sources */,
				E5ECF6FC2A0666EB0065A541 /* HomeViewModel.swift in Sources */,
				E5ECF70D2A0676640065A541 /* BaseService.swift in Sources */,
				E5ECF7232A07CEA70065A541 /* VehiclesService.swift in Sources */,
				E5ECF7152A06EF0A0065A541 /* LoginController.swift in Sources */,
				E5ECF72A2A07D27A0065A541 /* MyVehiclesController.swift in Sources */,
				E5ECF7272A07CF0C0065A541 /* Vehicle.swift in Sources */,
			);
			runOnlyForDeploymentPostprocessing = 0;
		};
/* End PBXSourcesBuildPhase section */

/* Begin PBXVariantGroup section */
		E5A47BE729F6CDA5004C5294 /* Main.storyboard */ = {
			isa = PBXVariantGroup;
			children = (
				E5A47BE829F6CDA5004C5294 /* Base */,
			);
			name = Main.storyboard;
			sourceTree = "<group>";
		};
		E5A47BEC29F6CDA6004C5294 /* LaunchScreen.storyboard */ = {
			isa = PBXVariantGroup;
			children = (
				E5A47BED29F6CDA6004C5294 /* Base */,
			);
			name = LaunchScreen.storyboard;
			sourceTree = "<group>";
		};
/* End PBXVariantGroup section */

/* Begin XCBuildConfiguration section */
		E5A47BF029F6CDA6004C5294 /* Debug */ = {
			isa = XCBuildConfiguration;
			buildSettings = {
				ALWAYS_SEARCH_USER_PATHS = NO;
				CLANG_ANALYZER_NONNULL = YES;
				CLANG_ANALYZER_NUMBER_OBJECT_CONVERSION = YES_AGGRESSIVE;
				CLANG_CXX_LANGUAGE_STANDARD = "gnu++20";
				CLANG_ENABLE_MODULES = YES;
				CLANG_ENABLE_OBJC_ARC = YES;
				CLANG_ENABLE_OBJC_WEAK = YES;
				CLANG_WARN_BLOCK_CAPTURE_AUTORELEASING = YES;
				CLANG_WARN_BOOL_CONVERSION = YES;
				CLANG_WARN_COMMA = YES;
				CLANG_WARN_CONSTANT_CONVERSION = YES;
				CLANG_WARN_DEPRECATED_OBJC_IMPLEMENTATIONS = YES;
				CLANG_WARN_DIRECT_OBJC_ISA_USAGE = YES_ERROR;
				CLANG_WARN_DOCUMENTATION_COMMENTS = YES;
				CLANG_WARN_EMPTY_BODY = YES;
				CLANG_WARN_ENUM_CONVERSION = YES;
				CLANG_WARN_INFINITE_RECURSION = YES;
				CLANG_WARN_INT_CONVERSION = YES;
				CLANG_WARN_NON_LITERAL_NULL_CONVERSION = YES;
				CLANG_WARN_OBJC_IMPLICIT_RETAIN_SELF = YES;
				CLANG_WARN_OBJC_LITERAL_CONVERSION = YES;
				CLANG_WARN_OBJC_ROOT_CLASS = YES_ERROR;
				CLANG_WARN_QUOTED_INCLUDE_IN_FRAMEWORK_HEADER = YES;
				CLANG_WARN_RANGE_LOOP_ANALYSIS = YES;
				CLANG_WARN_STRICT_PROTOTYPES = YES;
				CLANG_WARN_SUSPICIOUS_MOVE = YES;
				CLANG_WARN_UNGUARDED_AVAILABILITY = YES_AGGRESSIVE;
				CLANG_WARN_UNREACHABLE_CODE = YES;
				CLANG_WARN__DUPLICATE_METHOD_MATCH = YES;
				COPY_PHASE_STRIP = NO;
				DEBUG_INFORMATION_FORMAT = dwarf;
				ENABLE_STRICT_OBJC_MSGSEND = YES;
				ENABLE_TESTABILITY = YES;
				GCC_C_LANGUAGE_STANDARD = gnu11;
				GCC_DYNAMIC_NO_PIC = NO;
				GCC_NO_COMMON_BLOCKS = YES;
				GCC_OPTIMIZATION_LEVEL = 0;
				GCC_PREPROCESSOR_DEFINITIONS = (
					"DEBUG=1",
					"$(inherited)",
				);
				GCC_WARN_64_TO_32_BIT_CONVERSION = YES;
				GCC_WARN_ABOUT_RETURN_TYPE = YES_ERROR;
				GCC_WARN_UNDECLARED_SELECTOR = YES;
				GCC_WARN_UNINITIALIZED_AUTOS = YES_AGGRESSIVE;
				GCC_WARN_UNUSED_FUNCTION = YES;
				GCC_WARN_UNUSED_VARIABLE = YES;
				IPHONEOS_DEPLOYMENT_TARGET = 16.4;
				MTL_ENABLE_DEBUG_INFO = INCLUDE_SOURCE;
				MTL_FAST_MATH = YES;
				ONLY_ACTIVE_ARCH = YES;
				SDKROOT = iphoneos;
				SWIFT_ACTIVE_COMPILATION_CONDITIONS = DEBUG;
				SWIFT_OPTIMIZATION_LEVEL = "-Onone";
			};
			name = Debug;
		};
		E5A47BF129F6CDA6004C5294 /* Release */ = {
			isa = XCBuildConfiguration;
			buildSettings = {
				ALWAYS_SEARCH_USER_PATHS = NO;
				CLANG_ANALYZER_NONNULL = YES;
				CLANG_ANALYZER_NUMBER_OBJECT_CONVERSION = YES_AGGRESSIVE;
				CLANG_CXX_LANGUAGE_STANDARD = "gnu++20";
				CLANG_ENABLE_MODULES = YES;
				CLANG_ENABLE_OBJC_ARC = YES;
				CLANG_ENABLE_OBJC_WEAK = YES;
				CLANG_WARN_BLOCK_CAPTURE_AUTORELEASING = YES;
				CLANG_WARN_BOOL_CONVERSION = YES;
				CLANG_WARN_COMMA = YES;
				CLANG_WARN_CONSTANT_CONVERSION = YES;
				CLANG_WARN_DEPRECATED_OBJC_IMPLEMENTATIONS = YES;
				CLANG_WARN_DIRECT_OBJC_ISA_USAGE = YES_ERROR;
				CLANG_WARN_DOCUMENTATION_COMMENTS = YES;
				CLANG_WARN_EMPTY_BODY = YES;
				CLANG_WARN_ENUM_CONVERSION = YES;
				CLANG_WARN_INFINITE_RECURSION = YES;
				CLANG_WARN_INT_CONVERSION = YES;
				CLANG_WARN_NON_LITERAL_NULL_CONVERSION = YES;
				CLANG_WARN_OBJC_IMPLICIT_RETAIN_SELF = YES;
				CLANG_WARN_OBJC_LITERAL_CONVERSION = YES;
				CLANG_WARN_OBJC_ROOT_CLASS = YES_ERROR;
				CLANG_WARN_QUOTED_INCLUDE_IN_FRAMEWORK_HEADER = YES;
				CLANG_WARN_RANGE_LOOP_ANALYSIS = YES;
				CLANG_WARN_STRICT_PROTOTYPES = YES;
				CLANG_WARN_SUSPICIOUS_MOVE = YES;
				CLANG_WARN_UNGUARDED_AVAILABILITY = YES_AGGRESSIVE;
				CLANG_WARN_UNREACHABLE_CODE = YES;
				CLANG_WARN__DUPLICATE_METHOD_MATCH = YES;
				COPY_PHASE_STRIP = NO;
				DEBUG_INFORMATION_FORMAT = "dwarf-with-dsym";
				ENABLE_NS_ASSERTIONS = NO;
				ENABLE_STRICT_OBJC_MSGSEND = YES;
				GCC_C_LANGUAGE_STANDARD = gnu11;
				GCC_NO_COMMON_BLOCKS = YES;
				GCC_WARN_64_TO_32_BIT_CONVERSION = YES;
				GCC_WARN_ABOUT_RETURN_TYPE = YES_ERROR;
				GCC_WARN_UNDECLARED_SELECTOR = YES;
				GCC_WARN_UNINITIALIZED_AUTOS = YES_AGGRESSIVE;
				GCC_WARN_UNUSED_FUNCTION = YES;
				GCC_WARN_UNUSED_VARIABLE = YES;
				IPHONEOS_DEPLOYMENT_TARGET = 16.4;
				MTL_ENABLE_DEBUG_INFO = NO;
				MTL_FAST_MATH = YES;
				SDKROOT = iphoneos;
				SWIFT_COMPILATION_MODE = wholemodule;
				SWIFT_OPTIMIZATION_LEVEL = "-O";
				VALIDATE_PRODUCT = YES;
			};
			name = Release;
		};
		E5A47BF329F6CDA6004C5294 /* Debug */ = {
			isa = XCBuildConfiguration;
			baseConfigurationReference = C2F1C8EB32F97040515A0B08 /* Pods-RepairShop.debug.xcconfig */;
			buildSettings = {
				ASSETCATALOG_COMPILER_APPICON_NAME = AppIcon;
				ASSETCATALOG_COMPILER_GLOBAL_ACCENT_COLOR_NAME = AccentColor;
				CODE_SIGN_STYLE = Automatic;
				CURRENT_PROJECT_VERSION = 1;
				DEVELOPMENT_TEAM = M265C8F99R;
				GENERATE_INFOPLIST_FILE = YES;
				INFOPLIST_FILE = RepairShop/Info.plist;
				INFOPLIST_KEY_UIApplicationSupportsIndirectInputEvents = YES;
				INFOPLIST_KEY_UILaunchStoryboardName = LaunchScreen;
				INFOPLIST_KEY_UIMainStoryboardFile = Main;
				INFOPLIST_KEY_UISupportedInterfaceOrientations_iPad = "UIInterfaceOrientationPortrait UIInterfaceOrientationPortraitUpsideDown UIInterfaceOrientationLandscapeLeft UIInterfaceOrientationLandscapeRight";
				INFOPLIST_KEY_UISupportedInterfaceOrientations_iPhone = "UIInterfaceOrientationPortrait UIInterfaceOrientationLandscapeLeft UIInterfaceOrientationLandscapeRight";
				IPHONEOS_DEPLOYMENT_TARGET = 16.1;
				LD_RUNPATH_SEARCH_PATHS = (
					"$(inherited)",
					"@executable_path/Frameworks",
				);
				MARKETING_VERSION = 1.0;
				PRODUCT_BUNDLE_IDENTIFIER = com.proiectmds.RepairShop;
				PRODUCT_NAME = "$(TARGET_NAME)";
				SUPPORTED_PLATFORMS = "iphoneos iphonesimulator";
				SUPPORTS_MACCATALYST = NO;
				SUPPORTS_MAC_DESIGNED_FOR_IPHONE_IPAD = YES;
				SWIFT_EMIT_LOC_STRINGS = YES;
				SWIFT_VERSION = 5.0;
				TARGETED_DEVICE_FAMILY = 1;
			};
			name = Debug;
		};
		E5A47BF429F6CDA6004C5294 /* Release */ = {
			isa = XCBuildConfiguration;
			baseConfigurationReference = E6997FFE099D9AF1297D163B /* Pods-RepairShop.release.xcconfig */;
			buildSettings = {
				ASSETCATALOG_COMPILER_APPICON_NAME = AppIcon;
				ASSETCATALOG_COMPILER_GLOBAL_ACCENT_COLOR_NAME = AccentColor;
				CODE_SIGN_STYLE = Automatic;
				CURRENT_PROJECT_VERSION = 1;
				DEVELOPMENT_TEAM = M265C8F99R;
				GENERATE_INFOPLIST_FILE = YES;
				INFOPLIST_FILE = RepairShop/Info.plist;
				INFOPLIST_KEY_UIApplicationSupportsIndirectInputEvents = YES;
				INFOPLIST_KEY_UILaunchStoryboardName = LaunchScreen;
				INFOPLIST_KEY_UIMainStoryboardFile = Main;
				INFOPLIST_KEY_UISupportedInterfaceOrientations_iPad = "UIInterfaceOrientationPortrait UIInterfaceOrientationPortraitUpsideDown UIInterfaceOrientationLandscapeLeft UIInterfaceOrientationLandscapeRight";
				INFOPLIST_KEY_UISupportedInterfaceOrientations_iPhone = "UIInterfaceOrientationPortrait UIInterfaceOrientationLandscapeLeft UIInterfaceOrientationLandscapeRight";
				IPHONEOS_DEPLOYMENT_TARGET = 16.1;
				LD_RUNPATH_SEARCH_PATHS = (
					"$(inherited)",
					"@executable_path/Frameworks",
				);
				MARKETING_VERSION = 1.0;
				PRODUCT_BUNDLE_IDENTIFIER = com.proiectmds.RepairShop;
				PRODUCT_NAME = "$(TARGET_NAME)";
				SUPPORTED_PLATFORMS = "iphoneos iphonesimulator";
				SUPPORTS_MACCATALYST = NO;
				SUPPORTS_MAC_DESIGNED_FOR_IPHONE_IPAD = YES;
				SWIFT_EMIT_LOC_STRINGS = YES;
				SWIFT_VERSION = 5.0;
				TARGETED_DEVICE_FAMILY = 1;
			};
			name = Release;
		};
/* End XCBuildConfiguration section */

/* Begin XCConfigurationList section */
		E5A47BD929F6CDA5004C5294 /* Build configuration list for PBXProject "RepairShop" */ = {
			isa = XCConfigurationList;
			buildConfigurations = (
				E5A47BF029F6CDA6004C5294 /* Debug */,
				E5A47BF129F6CDA6004C5294 /* Release */,
			);
			defaultConfigurationIsVisible = 0;
			defaultConfigurationName = Release;
		};
		E5A47BF229F6CDA6004C5294 /* Build configuration list for PBXNativeTarget "RepairShop" */ = {
			isa = XCConfigurationList;
			buildConfigurations = (
				E5A47BF329F6CDA6004C5294 /* Debug */,
				E5A47BF429F6CDA6004C5294 /* Release */,
			);
			defaultConfigurationIsVisible = 0;
			defaultConfigurationName = Release;
		};
/* End XCConfigurationList section */
	};
	rootObject = E5A47BD629F6CDA5004C5294 /* Project object */;
}
